{
  "nodes": {
    "crane": {
      "locked": {
        "lastModified": 1727974419,
        "narHash": "sha256-WD0//20h+2/yPGkO88d2nYbb23WMWYvnRyDQ9Dx4UHg=",
        "owner": "ipetkov",
        "repo": "crane",
        "rev": "37e4f9f0976cb9281cd3f0c70081e5e0ecaee93f",
        "type": "github"
      },
      "original": {
        "owner": "ipetkov",
        "repo": "crane",
        "type": "github"
      }
    },
    "flake-utils": {
      "inputs": {
        "systems": "systems"
      },
      "locked": {
        "lastModified": 1726560853,
        "narHash": "sha256-X6rJYSESBVr3hBoH0WbKE5KvhPU5bloyZ2L4K60/fPQ=",
        "owner": "numtide",
        "repo": "flake-utils",
        "rev": "c1dfcf08411b08f6b8615f7d8971a2bfa81d5e8a",
        "type": "github"
      },
      "original": {
        "owner": "numtide",
        "repo": "flake-utils",
        "type": "github"
      }
    },
    "hardware": {
      "locked": {
        "lastModified": 1729455275,
        "narHash": "sha256-THqzn/7um3oMHUEGXyq+1CJQE7EogwR3HjLMNOlhFBE=",
        "owner": "NixOS",
        "repo": "nixos-hardware",
        "rev": "9fcf30fccf8435f6390efec4a4d38e69c2268a36",
        "type": "github"
      },
      "original": {
        "owner": "NixOS",
        "repo": "nixos-hardware",
        "type": "github"
      }
    },
    "home-manager": {
      "inputs": {
        "nixpkgs": [
          "nixpkgs"
        ]
      },
      "locked": {
        "lastModified": 1729414726,
        "narHash": "sha256-Dtmm1OU8Ymiy9hVWn/a2B8DhRYo9Eoyx9veERdOBR4o=",
        "owner": "nix-community",
        "repo": "home-manager",
        "rev": "fe56302339bb28e3471632379d733547caec8103",
        "type": "github"
      },
      "original": {
        "owner": "nix-community",
        "repo": "home-manager",
        "type": "github"
      }
    },
    "nixpkgs": {
      "locked": {
        "lastModified": 1729256560,
        "narHash": "sha256-/uilDXvCIEs3C9l73JTACm4quuHUsIHcns1c+cHUJwA=",
        "owner": "NixOS",
        "repo": "nixpkgs",
        "rev": "4c2fcb090b1f3e5b47eaa7bd33913b574a11e0a0",
        "type": "github"
      },
      "original": {
        "owner": "NixOS",
        "ref": "nixos-unstable",
        "repo": "nixpkgs",
        "type": "github"
      }
    },
    "root": {
      "inputs": {
        "hardware": "hardware",
        "home-manager": "home-manager",
        "nixpkgs": "nixpkgs",
        "vide": "vide"
      }
    },
    "rust-overlay": {
      "inputs": {
        "nixpkgs": [
          "vide",
          "zjstatus",
          "nixpkgs"
        ]
      },
      "locked": {
        "lastModified": 1728095260,
        "narHash": "sha256-X62hA5ivYLY5G5+mXI6l9eUDkgi6Wu/7QUrwXhJ09oo=",
        "owner": "oxalica",
        "repo": "rust-overlay",
        "rev": "d1d2532ab267cfe6e40dff73fbaf34436c406d26",
        "type": "github"
      },
      "original": {
        "owner": "oxalica",
        "repo": "rust-overlay",
        "type": "github"
      }
    },
    "systems": {
      "locked": {
        "lastModified": 1681028828,
        "narHash": "sha256-Vy1rq5AaRuLzOxct8nz4T6wlgyUR7zLU309k9mBC768=",
        "owner": "nix-systems",
        "repo": "default",
        "rev": "da67096a3b9bf56a91d16901293e51ba5b49a27e",
        "type": "github"
      },
      "original": {
        "owner": "nix-systems",
        "repo": "default",
        "type": "github"
      }
    },
    "vide": {
      "inputs": {
        "nixpkgs": [
          "nixpkgs"
        ],
        "zjstatus": "zjstatus"
      },
      "locked": {
        "lastModified": 1729053426,
        "narHash": "sha256-pRfrgz2DSeEihgkkvf1FvOiz7bD2NOAPQq6FtlwTS9E=",
        "owner": "lokasku",
        "repo": "vide",
        "rev": "8b671c23a906ca130f02f2dd817bf19931c052fe",
        "type": "github"
      },
      "original": {
        "owner": "lokasku",
        "repo": "vide",
        "type": "github"
      }
    },
    "zjstatus": {
      "inputs": {
        "crane": "crane",
        "flake-utils": "flake-utils",
        "nixpkgs": [
          "vide",
          "nixpkgs"
        ],
        "rust-overlay": "rust-overlay"
      },
      "locked": {
        "lastModified": 1728141581,
        "narHash": "sha256-+wg0Avbw/MC2x3CQK4LyJHCPf+oPllJZzU2p+S/B7MU=",
        "owner": "dj95",
        "repo": "zjstatus",
        "rev": "6d13e481aceacd3efe583fb6c442f30e8909f555",
        "type": "github"
      },
      "original": {
        "owner": "dj95",
        "repo": "zjstatus",
        "type": "github"
      }
    }
  },
  "root": "root",
  "version": 7
}
